// !$*UTF8*$!
{
	archiveVersion = 1;
	classes = {
	};
	objectVersion = 56;
	objects = {

/* Begin PBXBuildFile section */
		401276A92A01486E008187D5 /* ProfileSuccessView.swift in Sources */ = {isa = PBXBuildFile; fileRef = 401276A82A01486E008187D5 /* ProfileSuccessView.swift */; };
		406F003B2A01163600AF3C0E /* CartItems.swift in Sources */ = {isa = PBXBuildFile; fileRef = 406F003A2A01163600AF3C0E /* CartItems.swift */; };
		406F003F2A01295E00AF3C0E /* List.swift in Sources */ = {isa = PBXBuildFile; fileRef = 406F003E2A01295E00AF3C0E /* List.swift */; };
		40B3FD1929FEF3AF0089476D /* FoodItems.swift in Sources */ = {isa = PBXBuildFile; fileRef = 40B3FD1829FEF3AF0089476D /* FoodItems.swift */; };
		40B3FD1D2A00589F0089476D /* Card.swift in Sources */ = {isa = PBXBuildFile; fileRef = 40B3FD1C2A00589F0089476D /* Card.swift */; };
		CE39CC0629FC128A0095B356 /* ContentView.swift in Sources */ = {isa = PBXBuildFile; fileRef = CE39CC0529FC128A0095B356 /* ContentView.swift */; };
		CE3EBE0029F40C8D00BCD9E3 /* QuickBite_AppApp.swift in Sources */ = {isa = PBXBuildFile; fileRef = CE3EBDFF29F40C8D00BCD9E3 /* QuickBite_AppApp.swift */; };
		CE3EBE0429F40C9100BCD9E3 /* Assets.xcassets in Resources */ = {isa = PBXBuildFile; fileRef = CE3EBE0329F40C9100BCD9E3 /* Assets.xcassets */; };
		CE3EBE0729F40C9100BCD9E3 /* Preview Assets.xcassets in Resources */ = {isa = PBXBuildFile; fileRef = CE3EBE0629F40C9100BCD9E3 /* Preview Assets.xcassets */; };
		CE3EBE0F29F40E3900BCD9E3 /* HomeView.swift in Sources */ = {isa = PBXBuildFile; fileRef = CE3EBE0E29F40E3900BCD9E3 /* HomeView.swift */; };
		CE3EBE1329F40E7000BCD9E3 /* MenuListView.swift in Sources */ = {isa = PBXBuildFile; fileRef = CE3EBE1229F40E7000BCD9E3 /* MenuListView.swift */; };
		CE3EBE1529F40E8B00BCD9E3 /* MenuDetailView.swift in Sources */ = {isa = PBXBuildFile; fileRef = CE3EBE1429F40E8B00BCD9E3 /* MenuDetailView.swift */; };
		CE3EBE1929F40EB400BCD9E3 /* SignUpView.swift in Sources */ = {isa = PBXBuildFile; fileRef = CE3EBE1829F40EB400BCD9E3 /* SignUpView.swift */; };
		CE3EBE1B29F40ED200BCD9E3 /* CartView.swift in Sources */ = {isa = PBXBuildFile; fileRef = CE3EBE1A29F40ED200BCD9E3 /* CartView.swift */; };
		CE3EBE1D29F40EE900BCD9E3 /* CheckoutView.swift in Sources */ = {isa = PBXBuildFile; fileRef = CE3EBE1C29F40EE900BCD9E3 /* CheckoutView.swift */; };
		CE489DF029FC10760074C5BA /* NavigationTab.swift in Sources */ = {isa = PBXBuildFile; fileRef = CE489DEF29FC10760074C5BA /* NavigationTab.swift */; };
		CE489DF229FC11010074C5BA /* ProfileView.swift in Sources */ = {isa = PBXBuildFile; fileRef = CE489DF129FC11010074C5BA /* ProfileView.swift */; };
		CE53DEE62A0D1AF30073CED4 /* SignInView.swift in Sources */ = {isa = PBXBuildFile; fileRef = CE53DEE52A0D1AF30073CED4 /* SignInView.swift */; };
		CE53DEE82A0D1B610073CED4 /* PasswordResetView.swift in Sources */ = {isa = PBXBuildFile; fileRef = CE53DEE72A0D1B610073CED4 /* PasswordResetView.swift */; };
		CE53DEEA2A0D1D1C0073CED4 /* SignOption.swift in Sources */ = {isa = PBXBuildFile; fileRef = CE53DEE92A0D1D1C0073CED4 /* SignOption.swift */; };
		CE53DEF02A0D1F6C0073CED4 /* ForgotPassword.swift in Sources */ = {isa = PBXBuildFile; fileRef = CE53DEEF2A0D1F6C0073CED4 /* ForgotPassword.swift */; };
		CEF067D02A0DD23D0022E88E /* OnboardingViewOne.swift in Sources */ = {isa = PBXBuildFile; fileRef = CEF067CF2A0DD23D0022E88E /* OnboardingViewOne.swift */; };
		CEF067D22A0DD3050022E88E /* OnboardingViewTwo.swift in Sources */ = {isa = PBXBuildFile; fileRef = CEF067D12A0DD3050022E88E /* OnboardingViewTwo.swift */; };
		CEF067D42A0DD3270022E88E /* OnboardingViewThree.swift in Sources */ = {isa = PBXBuildFile; fileRef = CEF067D32A0DD3270022E88E /* OnboardingViewThree.swift */; };
		CEF067D82A0E63280022E88E /* OnBoardingView.swift in Sources */ = {isa = PBXBuildFile; fileRef = CEF067D72A0E63280022E88E /* OnBoardingView.swift */; };
		CEF067E12A0F7F160022E88E /* GoogleService-Info.plist in Resources */ = {isa = PBXBuildFile; fileRef = CEF067E02A0F7F160022E88E /* GoogleService-Info.plist */; };
		CEF067E42A0F80910022E88E /* FirebaseAnalytics in Frameworks */ = {isa = PBXBuildFile; productRef = CEF067E32A0F80910022E88E /* FirebaseAnalytics */; };
		CEF067E62A0F80910022E88E /* FirebaseAnalyticsOnDeviceConversion in Frameworks */ = {isa = PBXBuildFile; productRef = CEF067E52A0F80910022E88E /* FirebaseAnalyticsOnDeviceConversion */; };
		CEF067E82A0F80910022E88E /* FirebaseAnalyticsSwift in Frameworks */ = {isa = PBXBuildFile; productRef = CEF067E72A0F80910022E88E /* FirebaseAnalyticsSwift */; };
		CEF067EA2A0F80910022E88E /* FirebaseAnalyticsWithoutAdIdSupport in Frameworks */ = {isa = PBXBuildFile; productRef = CEF067E92A0F80910022E88E /* FirebaseAnalyticsWithoutAdIdSupport */; };
		CEF067EC2A0F80910022E88E /* FirebaseAppCheck in Frameworks */ = {isa = PBXBuildFile; productRef = CEF067EB2A0F80910022E88E /* FirebaseAppCheck */; };
		CEF067EE2A0F80910022E88E /* FirebaseAppDistribution-Beta in Frameworks */ = {isa = PBXBuildFile; productRef = CEF067ED2A0F80910022E88E /* FirebaseAppDistribution-Beta */; };
		CEF067F02A0F80910022E88E /* FirebaseAuth in Frameworks */ = {isa = PBXBuildFile; productRef = CEF067EF2A0F80910022E88E /* FirebaseAuth */; };
		CEF067F22A0F80910022E88E /* FirebaseAuthCombine-Community in Frameworks */ = {isa = PBXBuildFile; productRef = CEF067F12A0F80910022E88E /* FirebaseAuthCombine-Community */; };
		CEF067F42A0F80910022E88E /* FirebaseCrashlytics in Frameworks */ = {isa = PBXBuildFile; productRef = CEF067F32A0F80910022E88E /* FirebaseCrashlytics */; };
		CEF067F62A0F80910022E88E /* FirebaseDatabase in Frameworks */ = {isa = PBXBuildFile; productRef = CEF067F52A0F80910022E88E /* FirebaseDatabase */; };
		CEF067F82A0F80910022E88E /* FirebaseDatabaseSwift in Frameworks */ = {isa = PBXBuildFile; productRef = CEF067F72A0F80910022E88E /* FirebaseDatabaseSwift */; };
		CEF067FA2A0F80910022E88E /* FirebaseDynamicLinks in Frameworks */ = {isa = PBXBuildFile; productRef = CEF067F92A0F80910022E88E /* FirebaseDynamicLinks */; };
		CEF067FC2A0F80910022E88E /* FirebaseFirestore in Frameworks */ = {isa = PBXBuildFile; productRef = CEF067FB2A0F80910022E88E /* FirebaseFirestore */; };
		CEF067FE2A0F80910022E88E /* FirebaseFirestoreCombine-Community in Frameworks */ = {isa = PBXBuildFile; productRef = CEF067FD2A0F80910022E88E /* FirebaseFirestoreCombine-Community */; };
		CEF068002A0F80910022E88E /* FirebaseFirestoreSwift in Frameworks */ = {isa = PBXBuildFile; productRef = CEF067FF2A0F80910022E88E /* FirebaseFirestoreSwift */; };
		CEF068022A0F80910022E88E /* FirebaseFunctions in Frameworks */ = {isa = PBXBuildFile; productRef = CEF068012A0F80910022E88E /* FirebaseFunctions */; };
		CEF068042A0F80910022E88E /* FirebaseFunctionsCombine-Community in Frameworks */ = {isa = PBXBuildFile; productRef = CEF068032A0F80910022E88E /* FirebaseFunctionsCombine-Community */; };
		CEF068062A0F80910022E88E /* FirebasePerformance in Frameworks */ = {isa = PBXBuildFile; productRef = CEF068052A0F80910022E88E /* FirebasePerformance */; };
		CEF068082A0F80910022E88E /* FirebaseStorage in Frameworks */ = {isa = PBXBuildFile; productRef = CEF068072A0F80910022E88E /* FirebaseStorage */; };
/* End PBXBuildFile section */

/* Begin PBXFileReference section */
		401276A82A01486E008187D5 /* ProfileSuccessView.swift */ = {isa = PBXFileReference; lastKnownFileType = sourcecode.swift; path = ProfileSuccessView.swift; sourceTree = "<group>"; };
		406F003A2A01163600AF3C0E /* CartItems.swift */ = {isa = PBXFileReference; lastKnownFileType = sourcecode.swift; path = CartItems.swift; sourceTree = "<group>"; };
		406F003E2A01295E00AF3C0E /* List.swift */ = {isa = PBXFileReference; lastKnownFileType = sourcecode.swift; path = List.swift; sourceTree = "<group>"; };
		40B3FD1829FEF3AF0089476D /* FoodItems.swift */ = {isa = PBXFileReference; lastKnownFileType = sourcecode.swift; path = FoodItems.swift; sourceTree = "<group>"; };
		40B3FD1C2A00589F0089476D /* Card.swift */ = {isa = PBXFileReference; lastKnownFileType = sourcecode.swift; path = Card.swift; sourceTree = "<group>"; };
		CE39CC0529FC128A0095B356 /* ContentView.swift */ = {isa = PBXFileReference; lastKnownFileType = sourcecode.swift; path = ContentView.swift; sourceTree = "<group>"; };
		CE3EBDFC29F40C8D00BCD9E3 /* QuickBite App.app */ = {isa = PBXFileReference; explicitFileType = wrapper.application; includeInIndex = 0; path = "QuickBite App.app"; sourceTree = BUILT_PRODUCTS_DIR; };
		CE3EBDFF29F40C8D00BCD9E3 /* QuickBite_AppApp.swift */ = {isa = PBXFileReference; lastKnownFileType = sourcecode.swift; path = QuickBite_AppApp.swift; sourceTree = "<group>"; };
		CE3EBE0329F40C9100BCD9E3 /* Assets.xcassets */ = {isa = PBXFileReference; lastKnownFileType = folder.assetcatalog; path = Assets.xcassets; sourceTree = "<group>"; };
		CE3EBE0629F40C9100BCD9E3 /* Preview Assets.xcassets */ = {isa = PBXFileReference; lastKnownFileType = folder.assetcatalog; path = "Preview Assets.xcassets"; sourceTree = "<group>"; };
		CE3EBE0E29F40E3900BCD9E3 /* HomeView.swift */ = {isa = PBXFileReference; lastKnownFileType = sourcecode.swift; path = HomeView.swift; sourceTree = "<group>"; };
		CE3EBE1229F40E7000BCD9E3 /* MenuListView.swift */ = {isa = PBXFileReference; lastKnownFileType = sourcecode.swift; path = MenuListView.swift; sourceTree = "<group>"; };
		CE3EBE1429F40E8B00BCD9E3 /* MenuDetailView.swift */ = {isa = PBXFileReference; lastKnownFileType = sourcecode.swift; path = MenuDetailView.swift; sourceTree = "<group>"; };
		CE3EBE1829F40EB400BCD9E3 /* SignUpView.swift */ = {isa = PBXFileReference; lastKnownFileType = sourcecode.swift; path = SignUpView.swift; sourceTree = "<group>"; };
		CE3EBE1A29F40ED200BCD9E3 /* CartView.swift */ = {isa = PBXFileReference; lastKnownFileType = sourcecode.swift; path = CartView.swift; sourceTree = "<group>"; };
		CE3EBE1C29F40EE900BCD9E3 /* CheckoutView.swift */ = {isa = PBXFileReference; lastKnownFileType = sourcecode.swift; path = CheckoutView.swift; sourceTree = "<group>"; };
		CE489DEF29FC10760074C5BA /* NavigationTab.swift */ = {isa = PBXFileReference; lastKnownFileType = sourcecode.swift; path = NavigationTab.swift; sourceTree = "<group>"; };
		CE489DF129FC11010074C5BA /* ProfileView.swift */ = {isa = PBXFileReference; lastKnownFileType = sourcecode.swift; path = ProfileView.swift; sourceTree = "<group>"; };
		CE53DEE52A0D1AF30073CED4 /* SignInView.swift */ = {isa = PBXFileReference; lastKnownFileType = sourcecode.swift; path = SignInView.swift; sourceTree = "<group>"; };
		CE53DEE72A0D1B610073CED4 /* PasswordResetView.swift */ = {isa = PBXFileReference; lastKnownFileType = sourcecode.swift; path = PasswordResetView.swift; sourceTree = "<group>"; };
		CE53DEE92A0D1D1C0073CED4 /* SignOption.swift */ = {isa = PBXFileReference; lastKnownFileType = sourcecode.swift; path = SignOption.swift; sourceTree = "<group>"; };
		CE53DEEF2A0D1F6C0073CED4 /* ForgotPassword.swift */ = {isa = PBXFileReference; lastKnownFileType = sourcecode.swift; path = ForgotPassword.swift; sourceTree = "<group>"; };
		CEF067CF2A0DD23D0022E88E /* OnboardingViewOne.swift */ = {isa = PBXFileReference; lastKnownFileType = sourcecode.swift; path = OnboardingViewOne.swift; sourceTree = "<group>"; };
		CEF067D12A0DD3050022E88E /* OnboardingViewTwo.swift */ = {isa = PBXFileReference; lastKnownFileType = sourcecode.swift; path = OnboardingViewTwo.swift; sourceTree = "<group>"; };
		CEF067D32A0DD3270022E88E /* OnboardingViewThree.swift */ = {isa = PBXFileReference; lastKnownFileType = sourcecode.swift; path = OnboardingViewThree.swift; sourceTree = "<group>"; };
		CEF067D72A0E63280022E88E /* OnBoardingView.swift */ = {isa = PBXFileReference; lastKnownFileType = sourcecode.swift; path = OnBoardingView.swift; sourceTree = "<group>"; };
		CEF067DB2A0E6FEF0022E88E /* QuickBite-App-Info.plist */ = {isa = PBXFileReference; lastKnownFileType = text.plist; path = "QuickBite-App-Info.plist"; sourceTree = SOURCE_ROOT; };
		CEF067E02A0F7F160022E88E /* GoogleService-Info.plist */ = {isa = PBXFileReference; fileEncoding = 4; lastKnownFileType = text.plist.xml; name = "GoogleService-Info.plist"; path = "../../../Downloads/GoogleService-Info.plist"; sourceTree = "<group>"; };
/* End PBXFileReference section */

/* Begin PBXFrameworksBuildPhase section */
		CE3EBDF929F40C8D00BCD9E3 /* Frameworks */ = {
			isa = PBXFrameworksBuildPhase;
			buildActionMask = 2147483647;
			files = (
				CEF067F62A0F80910022E88E /* FirebaseDatabase in Frameworks */,
				CEF068042A0F80910022E88E /* FirebaseFunctionsCombine-Community in Frameworks */,
				CEF068062A0F80910022E88E /* FirebasePerformance in Frameworks */,
				CEF067FC2A0F80910022E88E /* FirebaseFirestore in Frameworks */,
				CEF067E82A0F80910022E88E /* FirebaseAnalyticsSwift in Frameworks */,
				CEF067E42A0F80910022E88E /* FirebaseAnalytics in Frameworks */,
				CEF067E62A0F80910022E88E /* FirebaseAnalyticsOnDeviceConversion in Frameworks */,
				CEF068002A0F80910022E88E /* FirebaseFirestoreSwift in Frameworks */,
				CEF067EC2A0F80910022E88E /* FirebaseAppCheck in Frameworks */,
				CEF068082A0F80910022E88E /* FirebaseStorage in Frameworks */,
				CEF067EA2A0F80910022E88E /* FirebaseAnalyticsWithoutAdIdSupport in Frameworks */,
				CEF067F02A0F80910022E88E /* FirebaseAuth in Frameworks */,
				CEF067F42A0F80910022E88E /* FirebaseCrashlytics in Frameworks */,
				CEF067F82A0F80910022E88E /* FirebaseDatabaseSwift in Frameworks */,
				CEF068022A0F80910022E88E /* FirebaseFunctions in Frameworks */,
				CEF067EE2A0F80910022E88E /* FirebaseAppDistribution-Beta in Frameworks */,
				CEF067F22A0F80910022E88E /* FirebaseAuthCombine-Community in Frameworks */,
				CEF067FA2A0F80910022E88E /* FirebaseDynamicLinks in Frameworks */,
				CEF067FE2A0F80910022E88E /* FirebaseFirestoreCombine-Community in Frameworks */,
			);
			runOnlyForDeploymentPostprocessing = 0;
		};
/* End PBXFrameworksBuildPhase section */

/* Begin PBXGroup section */
		40B3FD1729FEF35E0089476D /* Data */ = {
			isa = PBXGroup;
			children = (
				40B3FD1829FEF3AF0089476D /* FoodItems.swift */,
				406F003A2A01163600AF3C0E /* CartItems.swift */,
			);
			path = Data;
			sourceTree = "<group>";
		};
		CE18031A2A0D24A200F1958A /* Onboarding */ = {
			isa = PBXGroup;
			children = (
				CEF067CF2A0DD23D0022E88E /* OnboardingViewOne.swift */,
				CEF067D12A0DD3050022E88E /* OnboardingViewTwo.swift */,
				CEF067D32A0DD3270022E88E /* OnboardingViewThree.swift */,
				CEF067D72A0E63280022E88E /* OnBoardingView.swift */,
			);
			path = Onboarding;
			sourceTree = "<group>";
		};
		CE3EBDF329F40C8D00BCD9E3 = {
			isa = PBXGroup;
			children = (
				CE3EBDFE29F40C8D00BCD9E3 /* QuickBite App */,
				CE3EBDFD29F40C8D00BCD9E3 /* Products */,
			);
			sourceTree = "<group>";
		};
		CE3EBDFD29F40C8D00BCD9E3 /* Products */ = {
			isa = PBXGroup;
			children = (
				CE3EBDFC29F40C8D00BCD9E3 /* QuickBite App.app */,
			);
			name = Products;
			sourceTree = "<group>";
		};
		CE3EBDFE29F40C8D00BCD9E3 /* QuickBite App */ = {
			isa = PBXGroup;
			children = (
				CE74B2822A0FC4C1002777DA /* Model */,
				CEF067E02A0F7F160022E88E /* GoogleService-Info.plist */,
				CEF067DB2A0E6FEF0022E88E /* QuickBite-App-Info.plist */,
				40B3FD1729FEF35E0089476D /* Data */,
				CE3EBE0D29F40E1900BCD9E3 /* Views */,
				CE3EBDFF29F40C8D00BCD9E3 /* QuickBite_AppApp.swift */,
				CE3EBE0329F40C9100BCD9E3 /* Assets.xcassets */,
				CE3EBE0529F40C9100BCD9E3 /* Preview Content */,
			);
			path = "QuickBite App";
			sourceTree = "<group>";
		};
		CE3EBE0529F40C9100BCD9E3 /* Preview Content */ = {
			isa = PBXGroup;
			children = (
				CE3EBE0629F40C9100BCD9E3 /* Preview Assets.xcassets */,
			);
			path = "Preview Content";
			sourceTree = "<group>";
		};
		CE3EBE0D29F40E1900BCD9E3 /* Views */ = {
			isa = PBXGroup;
			children = (
				CE18031A2A0D24A200F1958A /* Onboarding */,
				CE3EBE0E29F40E3900BCD9E3 /* HomeView.swift */,
				CE3EBE1229F40E7000BCD9E3 /* MenuListView.swift */,
				40B3FD1C2A00589F0089476D /* Card.swift */,
				406F003E2A01295E00AF3C0E /* List.swift */,
				CE3EBE1429F40E8B00BCD9E3 /* MenuDetailView.swift */,
				CE3EBE1829F40EB400BCD9E3 /* SignUpView.swift */,
				CE3EBE1A29F40ED200BCD9E3 /* CartView.swift */,
				CE3EBE1C29F40EE900BCD9E3 /* CheckoutView.swift */,
				CE489DEF29FC10760074C5BA /* NavigationTab.swift */,
				CE489DF129FC11010074C5BA /* ProfileView.swift */,
				401276A82A01486E008187D5 /* ProfileSuccessView.swift */,
				CE39CC0529FC128A0095B356 /* ContentView.swift */,
				CE53DEE52A0D1AF30073CED4 /* SignInView.swift */,
				CE53DEE72A0D1B610073CED4 /* PasswordResetView.swift */,
				CE53DEE92A0D1D1C0073CED4 /* SignOption.swift */,
				CE53DEEF2A0D1F6C0073CED4 /* ForgotPassword.swift */,
			);
			path = Views;
			sourceTree = "<group>";
		};
		CE74B2822A0FC4C1002777DA /* Model */ = {
			isa = PBXGroup;
			children = (
			);
			path = Model;
			sourceTree = "<group>";
		};
/* End PBXGroup section */

/* Begin PBXNativeTarget section */
		CE3EBDFB29F40C8D00BCD9E3 /* QuickBite App */ = {
			isa = PBXNativeTarget;
			buildConfigurationList = CE3EBE0A29F40C9100BCD9E3 /* Build configuration list for PBXNativeTarget "QuickBite App" */;
			buildPhases = (
				CE3EBDF829F40C8D00BCD9E3 /* Sources */,
				CE3EBDF929F40C8D00BCD9E3 /* Frameworks */,
				CE3EBDFA29F40C8D00BCD9E3 /* Resources */,
			);
			buildRules = (
			);
			dependencies = (
			);
			name = "QuickBite App";
			packageProductDependencies = (
				CEF067E32A0F80910022E88E /* FirebaseAnalytics */,
				CEF067E52A0F80910022E88E /* FirebaseAnalyticsOnDeviceConversion */,
				CEF067E72A0F80910022E88E /* FirebaseAnalyticsSwift */,
				CEF067E92A0F80910022E88E /* FirebaseAnalyticsWithoutAdIdSupport */,
				CEF067EB2A0F80910022E88E /* FirebaseAppCheck */,
				CEF067ED2A0F80910022E88E /* FirebaseAppDistribution-Beta */,
				CEF067EF2A0F80910022E88E /* FirebaseAuth */,
				CEF067F12A0F80910022E88E /* FirebaseAuthCombine-Community */,
				CEF067F32A0F80910022E88E /* FirebaseCrashlytics */,
				CEF067F52A0F80910022E88E /* FirebaseDatabase */,
				CEF067F72A0F80910022E88E /* FirebaseDatabaseSwift */,
				CEF067F92A0F80910022E88E /* FirebaseDynamicLinks */,
				CEF067FB2A0F80910022E88E /* FirebaseFirestore */,
				CEF067FD2A0F80910022E88E /* FirebaseFirestoreCombine-Community */,
				CEF067FF2A0F80910022E88E /* FirebaseFirestoreSwift */,
				CEF068012A0F80910022E88E /* FirebaseFunctions */,
				CEF068032A0F80910022E88E /* FirebaseFunctionsCombine-Community */,
				CEF068052A0F80910022E88E /* FirebasePerformance */,
				CEF068072A0F80910022E88E /* FirebaseStorage */,
			);
			productName = "QuickBite App";
			productReference = CE3EBDFC29F40C8D00BCD9E3 /* QuickBite App.app */;
			productType = "com.apple.product-type.application";
		};
/* End PBXNativeTarget section */

/* Begin PBXProject section */
		CE3EBDF429F40C8D00BCD9E3 /* Project object */ = {
			isa = PBXProject;
			attributes = {
				BuildIndependentTargetsInParallel = 1;
				LastSwiftUpdateCheck = 1430;
				LastUpgradeCheck = 1430;
				TargetAttributes = {
					CE3EBDFB29F40C8D00BCD9E3 = {
						CreatedOnToolsVersion = 14.3;
					};
				};
			};
			buildConfigurationList = CE3EBDF729F40C8D00BCD9E3 /* Build configuration list for PBXProject "QuickBite App" */;
			compatibilityVersion = "Xcode 14.0";
			developmentRegion = en;
			hasScannedForEncodings = 0;
			knownRegions = (
				en,
				Base,
			);
			mainGroup = CE3EBDF329F40C8D00BCD9E3;
			packageReferences = (
				CEF067E22A0F80910022E88E /* XCRemoteSwiftPackageReference "firebase-ios-sdk" */,
			);
			productRefGroup = CE3EBDFD29F40C8D00BCD9E3 /* Products */;
			projectDirPath = "";
			projectRoot = "";
			targets = (
				CE3EBDFB29F40C8D00BCD9E3 /* QuickBite App */,
			);
		};
/* End PBXProject section */

/* Begin PBXResourcesBuildPhase section */
		CE3EBDFA29F40C8D00BCD9E3 /* Resources */ = {
			isa = PBXResourcesBuildPhase;
			buildActionMask = 2147483647;
			files = (
				CE3EBE0729F40C9100BCD9E3 /* Preview Assets.xcassets in Resources */,
				CE3EBE0429F40C9100BCD9E3 /* Assets.xcassets in Resources */,
				CEF067E12A0F7F160022E88E /* GoogleService-Info.plist in Resources */,
			);
			runOnlyForDeploymentPostprocessing = 0;
		};
/* End PBXResourcesBuildPhase section */

/* Begin PBXSourcesBuildPhase section */
		CE3EBDF829F40C8D00BCD9E3 /* Sources */ = {
			isa = PBXSourcesBuildPhase;
			buildActionMask = 2147483647;
			files = (
				CE3EBE1B29F40ED200BCD9E3 /* CartView.swift in Sources */,
				CE3EBE1529F40E8B00BCD9E3 /* MenuDetailView.swift in Sources */,
				CEF067D82A0E63280022E88E /* OnBoardingView.swift in Sources */,
				CE489DF029FC10760074C5BA /* NavigationTab.swift in Sources */,
				406F003F2A01295E00AF3C0E /* List.swift in Sources */,
				CEF067D02A0DD23D0022E88E /* OnboardingViewOne.swift in Sources */,
				CEF067D42A0DD3270022E88E /* OnboardingViewThree.swift in Sources */,
				CE489DF229FC11010074C5BA /* ProfileView.swift in Sources */,
				406F003B2A01163600AF3C0E /* CartItems.swift in Sources */,
				CE3EBE1D29F40EE900BCD9E3 /* CheckoutView.swift in Sources */,
				40B3FD1D2A00589F0089476D /* Card.swift in Sources */,
				CE53DEE62A0D1AF30073CED4 /* SignInView.swift in Sources */,
				CE53DEE82A0D1B610073CED4 /* PasswordResetView.swift in Sources */,
				CE3EBE0F29F40E3900BCD9E3 /* HomeView.swift in Sources */,
				401276A92A01486E008187D5 /* ProfileSuccessView.swift in Sources */,
				CE3EBE1329F40E7000BCD9E3 /* MenuListView.swift in Sources */,
				CE39CC0629FC128A0095B356 /* ContentView.swift in Sources */,
				CEF067D22A0DD3050022E88E /* OnboardingViewTwo.swift in Sources */,
				CE3EBE1929F40EB400BCD9E3 /* SignUpView.swift in Sources */,
				40B3FD1929FEF3AF0089476D /* FoodItems.swift in Sources */,
				CE53DEEA2A0D1D1C0073CED4 /* SignOption.swift in Sources */,
				CE3EBE0029F40C8D00BCD9E3 /* QuickBite_AppApp.swift in Sources */,
				CE53DEF02A0D1F6C0073CED4 /* ForgotPassword.swift in Sources */,
			);
			runOnlyForDeploymentPostprocessing = 0;
		};
/* End PBXSourcesBuildPhase section */

/* Begin XCBuildConfiguration section */
		CE3EBE0829F40C9100BCD9E3 /* Debug */ = {
			isa = XCBuildConfiguration;
			buildSettings = {
				ALWAYS_SEARCH_USER_PATHS = NO;
				CLANG_ANALYZER_NONNULL = YES;
				CLANG_ANALYZER_NUMBER_OBJECT_CONVERSION = YES_AGGRESSIVE;
				CLANG_CXX_LANGUAGE_STANDARD = "gnu++20";
				CLANG_ENABLE_MODULES = YES;
				CLANG_ENABLE_OBJC_ARC = YES;
				CLANG_ENABLE_OBJC_WEAK = YES;
				CLANG_WARN_BLOCK_CAPTURE_AUTORELEASING = YES;
				CLANG_WARN_BOOL_CONVERSION = YES;
				CLANG_WARN_COMMA = YES;
				CLANG_WARN_CONSTANT_CONVERSION = YES;
				CLANG_WARN_DEPRECATED_OBJC_IMPLEMENTATIONS = YES;
				CLANG_WARN_DIRECT_OBJC_ISA_USAGE = YES_ERROR;
				CLANG_WARN_DOCUMENTATION_COMMENTS = YES;
				CLANG_WARN_EMPTY_BODY = YES;
				CLANG_WARN_ENUM_CONVERSION = YES;
				CLANG_WARN_INFINITE_RECURSION = YES;
				CLANG_WARN_INT_CONVERSION = YES;
				CLANG_WARN_NON_LITERAL_NULL_CONVERSION = YES;
				CLANG_WARN_OBJC_IMPLICIT_RETAIN_SELF = YES;
				CLANG_WARN_OBJC_LITERAL_CONVERSION = YES;
				CLANG_WARN_OBJC_ROOT_CLASS = YES_ERROR;
				CLANG_WARN_QUOTED_INCLUDE_IN_FRAMEWORK_HEADER = YES;
				CLANG_WARN_RANGE_LOOP_ANALYSIS = YES;
				CLANG_WARN_STRICT_PROTOTYPES = YES;
				CLANG_WARN_SUSPICIOUS_MOVE = YES;
				CLANG_WARN_UNGUARDED_AVAILABILITY = YES_AGGRESSIVE;
				CLANG_WARN_UNREACHABLE_CODE = YES;
				CLANG_WARN__DUPLICATE_METHOD_MATCH = YES;
				COPY_PHASE_STRIP = NO;
				DEBUG_INFORMATION_FORMAT = dwarf;
				ENABLE_STRICT_OBJC_MSGSEND = YES;
				ENABLE_TESTABILITY = YES;
				GCC_C_LANGUAGE_STANDARD = gnu11;
				GCC_DYNAMIC_NO_PIC = NO;
				GCC_NO_COMMON_BLOCKS = YES;
				GCC_OPTIMIZATION_LEVEL = 0;
				GCC_PREPROCESSOR_DEFINITIONS = (
					"DEBUG=1",
					"$(inherited)",
				);
				GCC_WARN_64_TO_32_BIT_CONVERSION = YES;
				GCC_WARN_ABOUT_RETURN_TYPE = YES_ERROR;
				GCC_WARN_UNDECLARED_SELECTOR = YES;
				GCC_WARN_UNINITIALIZED_AUTOS = YES_AGGRESSIVE;
				GCC_WARN_UNUSED_FUNCTION = YES;
				GCC_WARN_UNUSED_VARIABLE = YES;
				IPHONEOS_DEPLOYMENT_TARGET = 16.4;
				MTL_ENABLE_DEBUG_INFO = INCLUDE_SOURCE;
				MTL_FAST_MATH = YES;
				ONLY_ACTIVE_ARCH = YES;
				SDKROOT = iphoneos;
				SWIFT_ACTIVE_COMPILATION_CONDITIONS = DEBUG;
				SWIFT_OPTIMIZATION_LEVEL = "-Onone";
			};
			name = Debug;
		};
		CE3EBE0929F40C9100BCD9E3 /* Release */ = {
			isa = XCBuildConfiguration;
			buildSettings = {
				ALWAYS_SEARCH_USER_PATHS = NO;
				CLANG_ANALYZER_NONNULL = YES;
				CLANG_ANALYZER_NUMBER_OBJECT_CONVERSION = YES_AGGRESSIVE;
				CLANG_CXX_LANGUAGE_STANDARD = "gnu++20";
				CLANG_ENABLE_MODULES = YES;
				CLANG_ENABLE_OBJC_ARC = YES;
				CLANG_ENABLE_OBJC_WEAK = YES;
				CLANG_WARN_BLOCK_CAPTURE_AUTORELEASING = YES;
				CLANG_WARN_BOOL_CONVERSION = YES;
				CLANG_WARN_COMMA = YES;
				CLANG_WARN_CONSTANT_CONVERSION = YES;
				CLANG_WARN_DEPRECATED_OBJC_IMPLEMENTATIONS = YES;
				CLANG_WARN_DIRECT_OBJC_ISA_USAGE = YES_ERROR;
				CLANG_WARN_DOCUMENTATION_COMMENTS = YES;
				CLANG_WARN_EMPTY_BODY = YES;
				CLANG_WARN_ENUM_CONVERSION = YES;
				CLANG_WARN_INFINITE_RECURSION = YES;
				CLANG_WARN_INT_CONVERSION = YES;
				CLANG_WARN_NON_LITERAL_NULL_CONVERSION = YES;
				CLANG_WARN_OBJC_IMPLICIT_RETAIN_SELF = YES;
				CLANG_WARN_OBJC_LITERAL_CONVERSION = YES;
				CLANG_WARN_OBJC_ROOT_CLASS = YES_ERROR;
				CLANG_WARN_QUOTED_INCLUDE_IN_FRAMEWORK_HEADER = YES;
				CLANG_WARN_RANGE_LOOP_ANALYSIS = YES;
				CLANG_WARN_STRICT_PROTOTYPES = YES;
				CLANG_WARN_SUSPICIOUS_MOVE = YES;
				CLANG_WARN_UNGUARDED_AVAILABILITY = YES_AGGRESSIVE;
				CLANG_WARN_UNREACHABLE_CODE = YES;
				CLANG_WARN__DUPLICATE_METHOD_MATCH = YES;
				COPY_PHASE_STRIP = NO;
				DEBUG_INFORMATION_FORMAT = "dwarf-with-dsym";
				ENABLE_NS_ASSERTIONS = NO;
				ENABLE_STRICT_OBJC_MSGSEND = YES;
				GCC_C_LANGUAGE_STANDARD = gnu11;
				GCC_NO_COMMON_BLOCKS = YES;
				GCC_WARN_64_TO_32_BIT_CONVERSION = YES;
				GCC_WARN_ABOUT_RETURN_TYPE = YES_ERROR;
				GCC_WARN_UNDECLARED_SELECTOR = YES;
				GCC_WARN_UNINITIALIZED_AUTOS = YES_AGGRESSIVE;
				GCC_WARN_UNUSED_FUNCTION = YES;
				GCC_WARN_UNUSED_VARIABLE = YES;
				IPHONEOS_DEPLOYMENT_TARGET = 16.4;
				MTL_ENABLE_DEBUG_INFO = NO;
				MTL_FAST_MATH = YES;
				SDKROOT = iphoneos;
				SWIFT_COMPILATION_MODE = wholemodule;
				SWIFT_OPTIMIZATION_LEVEL = "-O";
				VALIDATE_PRODUCT = YES;
			};
			name = Release;
		};
		CE3EBE0B29F40C9100BCD9E3 /* Debug */ = {
			isa = XCBuildConfiguration;
			buildSettings = {
				ASSETCATALOG_COMPILER_APPICON_NAME = AppIcon;
				ASSETCATALOG_COMPILER_GLOBAL_ACCENT_COLOR_NAME = AccentColor;
				CODE_SIGN_STYLE = Automatic;
				CURRENT_PROJECT_VERSION = 1;
				DEVELOPMENT_ASSET_PATHS = "\"QuickBite App/Preview Content\"";
				ENABLE_PREVIEWS = YES;
				GENERATE_INFOPLIST_FILE = YES;
				INFOPLIST_FILE = "QuickBite-App-Info.plist";
				INFOPLIST_KEY_CFBundleDisplayName = QuickBite;
				INFOPLIST_KEY_LSApplicationCategoryType = "public.app-category.food-and-drink";
				INFOPLIST_KEY_UIApplicationSceneManifest_Generation = YES;
				INFOPLIST_KEY_UIApplicationSupportsIndirectInputEvents = YES;
				INFOPLIST_KEY_UIRequiresFullScreen = YES;
				INFOPLIST_KEY_UIStatusBarStyle = UIStatusBarStyleLightContent;
				INFOPLIST_KEY_UISupportedInterfaceOrientations_iPad = "UIInterfaceOrientationPortrait UIInterfaceOrientationPortraitUpsideDown UIInterfaceOrientationLandscapeLeft UIInterfaceOrientationLandscapeRight";
				INFOPLIST_KEY_UISupportedInterfaceOrientations_iPhone = "UIInterfaceOrientationPortrait UIInterfaceOrientationLandscapeLeft UIInterfaceOrientationLandscapeRight";
				LD_RUNPATH_SEARCH_PATHS = (
					"$(inherited)",
					"@executable_path/Frameworks",
				);
				MARKETING_VERSION = 1.0;
				PRODUCT_BUNDLE_IDENTIFIER = "group4.QuickBite-App";
				PRODUCT_NAME = "$(TARGET_NAME)";
				SWIFT_EMIT_LOC_STRINGS = YES;
				SWIFT_VERSION = 5.0;
				TARGETED_DEVICE_FAMILY = "1,2";
			};
			name = Debug;
		};
		CE3EBE0C29F40C9100BCD9E3 /* Release */ = {
			isa = XCBuildConfiguration;
			buildSettings = {
				ASSETCATALOG_COMPILER_APPICON_NAME = AppIcon;
				ASSETCATALOG_COMPILER_GLOBAL_ACCENT_COLOR_NAME = AccentColor;
				CODE_SIGN_STYLE = Automatic;
				CURRENT_PROJECT_VERSION = 1;
				DEVELOPMENT_ASSET_PATHS = "\"QuickBite App/Preview Content\"";
				ENABLE_PREVIEWS = YES;
				GENERATE_INFOPLIST_FILE = YES;
				INFOPLIST_FILE = "QuickBite-App-Info.plist";
				INFOPLIST_KEY_CFBundleDisplayName = QuickBite;
				INFOPLIST_KEY_LSApplicationCategoryType = "public.app-category.food-and-drink";
				INFOPLIST_KEY_UIApplicationSceneManifest_Generation = YES;
				INFOPLIST_KEY_UIApplicationSupportsIndirectInputEvents = YES;
				INFOPLIST_KEY_UIRequiresFullScreen = YES;
				INFOPLIST_KEY_UIStatusBarStyle = UIStatusBarStyleLightContent;
				INFOPLIST_KEY_UISupportedInterfaceOrientations_iPad = "UIInterfaceOrientationPortrait UIInterfaceOrientationPortraitUpsideDown UIInterfaceOrientationLandscapeLeft UIInterfaceOrientationLandscapeRight";
				INFOPLIST_KEY_UISupportedInterfaceOrientations_iPhone = "UIInterfaceOrientationPortrait UIInterfaceOrientationLandscapeLeft UIInterfaceOrientationLandscapeRight";
				LD_RUNPATH_SEARCH_PATHS = (
					"$(inherited)",
					"@executable_path/Frameworks",
				);
				MARKETING_VERSION = 1.0;
				PRODUCT_BUNDLE_IDENTIFIER = "group4.QuickBite-App";
				PRODUCT_NAME = "$(TARGET_NAME)";
				SWIFT_EMIT_LOC_STRINGS = YES;
				SWIFT_VERSION = 5.0;
				TARGETED_DEVICE_FAMILY = "1,2";
			};
			name = Release;
		};
/* End XCBuildConfiguration section */

/* Begin XCConfigurationList section */
		CE3EBDF729F40C8D00BCD9E3 /* Build configuration list for PBXProject "QuickBite App" */ = {
			isa = XCConfigurationList;
			buildConfigurations = (
				CE3EBE0829F40C9100BCD9E3 /* Debug */,
				CE3EBE0929F40C9100BCD9E3 /* Release */,
			);
			defaultConfigurationIsVisible = 0;
			defaultConfigurationName = Release;
		};
		CE3EBE0A29F40C9100BCD9E3 /* Build configuration list for PBXNativeTarget "QuickBite App" */ = {
			isa = XCConfigurationList;
			buildConfigurations = (
				CE3EBE0B29F40C9100BCD9E3 /* Debug */,
				CE3EBE0C29F40C9100BCD9E3 /* Release */,
			);
			defaultConfigurationIsVisible = 0;
			defaultConfigurationName = Release;
		};
/* End XCConfigurationList section */

/* Begin XCRemoteSwiftPackageReference section */
		CEF067E22A0F80910022E88E /* XCRemoteSwiftPackageReference "firebase-ios-sdk" */ = {
			isa = XCRemoteSwiftPackageReference;
			repositoryURL = "https://github.com/firebase/firebase-ios-sdk";
			requirement = {
				branch = master;
				kind = branch;
			};
		};
/* End XCRemoteSwiftPackageReference section */

/* Begin XCSwiftPackageProductDependency section */
		CEF067E32A0F80910022E88E /* FirebaseAnalytics */ = {
			isa = XCSwiftPackageProductDependency;
			package = CEF067E22A0F80910022E88E /* XCRemoteSwiftPackageReference "firebase-ios-sdk" */;
			productName = FirebaseAnalytics;
		};
		CEF067E52A0F80910022E88E /* FirebaseAnalyticsOnDeviceConversion */ = {
			isa = XCSwiftPackageProductDependency;
			package = CEF067E22A0F80910022E88E /* XCRemoteSwiftPackageReference "firebase-ios-sdk" */;
			productName = FirebaseAnalyticsOnDeviceConversion;
		};
		CEF067E72A0F80910022E88E /* FirebaseAnalyticsSwift */ = {
			isa = XCSwiftPackageProductDependency;
			package = CEF067E22A0F80910022E88E /* XCRemoteSwiftPackageReference "firebase-ios-sdk" */;
			productName = FirebaseAnalyticsSwift;
		};
		CEF067E92A0F80910022E88E /* FirebaseAnalyticsWithoutAdIdSupport */ = {
			isa = XCSwiftPackageProductDependency;
			package = CEF067E22A0F80910022E88E /* XCRemoteSwiftPackageReference "firebase-ios-sdk" */;
			productName = FirebaseAnalyticsWithoutAdIdSupport;
		};
		CEF067EB2A0F80910022E88E /* FirebaseAppCheck */ = {
			isa = XCSwiftPackageProductDependency;
			package = CEF067E22A0F80910022E88E /* XCRemoteSwiftPackageReference "firebase-ios-sdk" */;
			productName = FirebaseAppCheck;
		};
		CEF067ED2A0F80910022E88E /* FirebaseAppDistribution-Beta */ = {
			isa = XCSwiftPackageProductDependency;
			package = CEF067E22A0F80910022E88E /* XCRemoteSwiftPackageReference "firebase-ios-sdk" */;
			productName = "FirebaseAppDistribution-Beta";
		};
		CEF067EF2A0F80910022E88E /* FirebaseAuth */ = {
			isa = XCSwiftPackageProductDependency;
			package = CEF067E22A0F80910022E88E /* XCRemoteSwiftPackageReference "firebase-ios-sdk" */;
			productName = FirebaseAuth;
		};
		CEF067F12A0F80910022E88E /* FirebaseAuthCombine-Community */ = {
			isa = XCSwiftPackageProductDependency;
			package = CEF067E22A0F80910022E88E /* XCRemoteSwiftPackageReference "firebase-ios-sdk" */;
			productName = "FirebaseAuthCombine-Community";
		};
		CEF067F32A0F80910022E88E /* FirebaseCrashlytics */ = {
			isa = XCSwiftPackageProductDependency;
			package = CEF067E22A0F80910022E88E /* XCRemoteSwiftPackageReference "firebase-ios-sdk" */;
			productName = FirebaseCrashlytics;
		};
		CEF067F52A0F80910022E88E /* FirebaseDatabase */ = {
			isa = XCSwiftPackageProductDependency;
			package = CEF067E22A0F80910022E88E /* XCRemoteSwiftPackageReference "firebase-ios-sdk" */;
			productName = FirebaseDatabase;
		};
		CEF067F72A0F80910022E88E /* FirebaseDatabaseSwift */ = {
			isa = XCSwiftPackageProductDependency;
			package = CEF067E22A0F80910022E88E /* XCRemoteSwiftPackageReference "firebase-ios-sdk" */;
			productName = FirebaseDatabaseSwift;
		};
		CEF067F92A0F80910022E88E /* FirebaseDynamicLinks */ = {
			isa = XCSwiftPackageProductDependency;
			package = CEF067E22A0F80910022E88E /* XCRemoteSwiftPackageReference "firebase-ios-sdk" */;
			productName = FirebaseDynamicLinks;
		};
		CEF067FB2A0F80910022E88E /* FirebaseFirestore */ = {
			isa = XCSwiftPackageProductDependency;
			package = CEF067E22A0F80910022E88E /* XCRemoteSwiftPackageReference "firebase-ios-sdk" */;
			productName = FirebaseFirestore;
		};
		CEF067FD2A0F80910022E88E /* FirebaseFirestoreCombine-Community */ = {
			isa = XCSwiftPackageProductDependency;
			package = CEF067E22A0F80910022E88E /* XCRemoteSwiftPackageReference "firebase-ios-sdk" */;
			productName = "FirebaseFirestoreCombine-Community";
		};
		CEF067FF2A0F80910022E88E /* FirebaseFirestoreSwift */ = {
			isa = XCSwiftPackageProductDependency;
			package = CEF067E22A0F80910022E88E /* XCRemoteSwiftPackageReference "firebase-ios-sdk" */;
			productName = FirebaseFirestoreSwift;
		};
		CEF068012A0F80910022E88E /* FirebaseFunctions */ = {
			isa = XCSwiftPackageProductDependency;
			package = CEF067E22A0F80910022E88E /* XCRemoteSwiftPackageReference "firebase-ios-sdk" */;
			productName = FirebaseFunctions;
		};
		CEF068032A0F80910022E88E /* FirebaseFunctionsCombine-Community */ = {
			isa = XCSwiftPackageProductDependency;
			package = CEF067E22A0F80910022E88E /* XCRemoteSwiftPackageReference "firebase-ios-sdk" */;
			productName = "FirebaseFunctionsCombine-Community";
		};
		CEF068052A0F80910022E88E /* FirebasePerformance */ = {
			isa = XCSwiftPackageProductDependency;
			package = CEF067E22A0F80910022E88E /* XCRemoteSwiftPackageReference "firebase-ios-sdk" */;
			productName = FirebasePerformance;
		};
		CEF068072A0F80910022E88E /* FirebaseStorage */ = {
			isa = XCSwiftPackageProductDependency;
			package = CEF067E22A0F80910022E88E /* XCRemoteSwiftPackageReference "firebase-ios-sdk" */;
			productName = FirebaseStorage;
		};
/* End XCSwiftPackageProductDependency section */
	};
	rootObject = CE3EBDF429F40C8D00BCD9E3 /* Project object */;
}
